
Microsoft Visual Studio Solution File, Format Version 12.00
# Visual Studio Version 17
VisualStudioVersion = 17.3.32901.215
MinimumVisualStudioVersion = 10.0.40219.1
Project("{FAE04EC0-301F-11D3-BF4B-00C04F79EFBC}") = "UserMaintenance_X8O30D", "UserMaintenance_X8O30D\UserMaintenance_X8O30D.csproj", "{3CB69DBF-A71A-4115-833B-A0B49C398902}"
EndProject
Global
	GlobalSection(SolutionConfigurationPlatforms) = preSolution
		Debug|Any CPU = Debug|Any CPU
		Release|Any CPU = Release|Any CPU
	EndGlobalSection
	GlobalSection(ProjectConfigurationPlatforms) = postSolution
		{3CB69DBF-A71A-4115-833B-A0B49C398902}.Debug|Any CPU.ActiveCfg = Debug|Any CPU
		{3CB69DBF-A71A-4115-833B-A0B49C398902}.Debug|Any CPU.Build.0 = Debug|Any CPU
		{3CB69DBF-A71A-4115-833B-A0B49C398902}.Release|Any CPU.ActiveCfg = Release|Any CPU
		{3CB69DBF-A71A-4115-833B-A0B49C398902}.Release|Any CPU.Build.0 = Release|Any CPU
	EndGlobalSection
	GlobalSection(SolutionProperties) = preSolution
		HideSolutionNode = FALSE
	EndGlobalSection
	GlobalSection(ExtensibilityGlobals) = postSolution
		SolutionGuid = {47C4A8A2-B87D-47E5-B177-83C0A026302B}
	EndGlobalSection
EndGlobal
