
Microsoft Visual Studio Solution File, Format Version 12.00
# Visual Studio Version 17
VisualStudioVersion = 17.3.32901.215
MinimumVisualStudioVersion = 10.0.40219.1
Project("{FAE04EC0-301F-11D3-BF4B-00C04F79EFBC}") = "7Gyak_X8O30D", "7Gyak_X8O30D\7Gyak_X8O30D.csproj", "{B89C34E7-3840-4B52-9AED-829E6A19047D}"
EndProject
Global
	GlobalSection(SolutionConfigurationPlatforms) = preSolution
		Debug|Any CPU = Debug|Any CPU
		Release|Any CPU = Release|Any CPU
	EndGlobalSection
	GlobalSection(ProjectConfigurationPlatforms) = postSolution
		{B89C34E7-3840-4B52-9AED-829E6A19047D}.Debug|Any CPU.ActiveCfg = Debug|Any CPU
		{B89C34E7-3840-4B52-9AED-829E6A19047D}.Debug|Any CPU.Build.0 = Debug|Any CPU
		{B89C34E7-3840-4B52-9AED-829E6A19047D}.Release|Any CPU.ActiveCfg = Release|Any CPU
		{B89C34E7-3840-4B52-9AED-829E6A19047D}.Release|Any CPU.Build.0 = Release|Any CPU
	EndGlobalSection
	GlobalSection(SolutionProperties) = preSolution
		HideSolutionNode = FALSE
	EndGlobalSection
	GlobalSection(ExtensibilityGlobals) = postSolution
		SolutionGuid = {C431EC73-4A9F-4507-AD88-2F458DFEC9CA}
	EndGlobalSection
EndGlobal
