
Microsoft Visual Studio Solution File, Format Version 12.00
# Visual Studio Version 17
VisualStudioVersion = 17.3.32901.215
MinimumVisualStudioVersion = 10.0.40219.1
Project("{FAE04EC0-301F-11D3-BF4B-00C04F79EFBC}") = "4Het_X8O30D", "4Het_X8O30D\4Het_X8O30D.csproj", "{A7FCA012-C197-4B88-8961-24D699708A0C}"
EndProject
Global
	GlobalSection(SolutionConfigurationPlatforms) = preSolution
		Debug|Any CPU = Debug|Any CPU
		Release|Any CPU = Release|Any CPU
	EndGlobalSection
	GlobalSection(ProjectConfigurationPlatforms) = postSolution
		{A7FCA012-C197-4B88-8961-24D699708A0C}.Debug|Any CPU.ActiveCfg = Debug|Any CPU
		{A7FCA012-C197-4B88-8961-24D699708A0C}.Debug|Any CPU.Build.0 = Debug|Any CPU
		{A7FCA012-C197-4B88-8961-24D699708A0C}.Release|Any CPU.ActiveCfg = Release|Any CPU
		{A7FCA012-C197-4B88-8961-24D699708A0C}.Release|Any CPU.Build.0 = Release|Any CPU
	EndGlobalSection
	GlobalSection(SolutionProperties) = preSolution
		HideSolutionNode = FALSE
	EndGlobalSection
	GlobalSection(ExtensibilityGlobals) = postSolution
		SolutionGuid = {785C2018-CDBD-482C-A37C-70D4D035A7A8}
	EndGlobalSection
EndGlobal
